
Microsoft Visual Studio Solution File, Format Version 12.00
# Visual Studio 2013
VisualStudioVersion = 12.0.31101.0
MinimumVisualStudioVersion = 10.0.40219.1
Project("{2150E333-8FDC-42A3-9474-1A3956D46DE8}") = "Solution Items", "Solution Items", "{0A3C342A-1277-456A-BDCF-A2EA0ED30BEB}"
	ProjectSection(SolutionItems) = preProject
		..\Token Auth-After ReadMe.txt = ..\Token Auth-After ReadMe.txt
		..\Token Auth-Before ReadMe.txt = ..\Token Auth-Before ReadMe.txt
	EndProjectSection
EndProject
Project("{FAE04EC0-301F-11D3-BF4B-00C04F79EFBC}") = "KatanaTokenAuth.TokenService", "KatanaTokenAuth.TokenService\KatanaTokenAuth.TokenService.csproj", "{D14F6A8C-2771-4515-9593-EA063D1795B3}"
EndProject
Project("{FAE04EC0-301F-11D3-BF4B-00C04F79EFBC}") = "KatanaTokenAuth.RelyingParty", "KatanaTokenAuth.RelyingParty\KatanaTokenAuth.RelyingParty.csproj", "{03996236-06FB-4914-9CFA-30037C4042B8}"
EndProject
Project("{FAE04EC0-301F-11D3-BF4B-00C04F79EFBC}") = "KatanaTokenAuth.Client", "KatanaTokenAuth.Client\KatanaTokenAuth.Client.csproj", "{6BAECC3E-B457-4E49-B11C-241F0F867930}"
EndProject
Global
	GlobalSection(SolutionConfigurationPlatforms) = preSolution
		Debug|Any CPU = Debug|Any CPU
		Release|Any CPU = Release|Any CPU
	EndGlobalSection
	GlobalSection(ProjectConfigurationPlatforms) = postSolution
		{D14F6A8C-2771-4515-9593-EA063D1795B3}.Debug|Any CPU.ActiveCfg = Debug|Any CPU
		{D14F6A8C-2771-4515-9593-EA063D1795B3}.Debug|Any CPU.Build.0 = Debug|Any CPU
		{D14F6A8C-2771-4515-9593-EA063D1795B3}.Release|Any CPU.ActiveCfg = Release|Any CPU
		{D14F6A8C-2771-4515-9593-EA063D1795B3}.Release|Any CPU.Build.0 = Release|Any CPU
		{03996236-06FB-4914-9CFA-30037C4042B8}.Debug|Any CPU.ActiveCfg = Debug|Any CPU
		{03996236-06FB-4914-9CFA-30037C4042B8}.Debug|Any CPU.Build.0 = Debug|Any CPU
		{03996236-06FB-4914-9CFA-30037C4042B8}.Release|Any CPU.ActiveCfg = Release|Any CPU
		{03996236-06FB-4914-9CFA-30037C4042B8}.Release|Any CPU.Build.0 = Release|Any CPU
		{6BAECC3E-B457-4E49-B11C-241F0F867930}.Debug|Any CPU.ActiveCfg = Debug|Any CPU
		{6BAECC3E-B457-4E49-B11C-241F0F867930}.Debug|Any CPU.Build.0 = Debug|Any CPU
		{6BAECC3E-B457-4E49-B11C-241F0F867930}.Release|Any CPU.ActiveCfg = Release|Any CPU
		{6BAECC3E-B457-4E49-B11C-241F0F867930}.Release|Any CPU.Build.0 = Release|Any CPU
	EndGlobalSection
	GlobalSection(SolutionProperties) = preSolution
		HideSolutionNode = FALSE
	EndGlobalSection
EndGlobal
