
Microsoft Visual Studio Solution File, Format Version 12.00
# Visual Studio 14
VisualStudioVersion = 14.0.23107.0
MinimumVisualStudioVersion = 10.0.40219.1
Project("{FAE04EC0-301F-11D3-BF4B-00C04F79EFBC}") = "ModelBinding.Web", "ModelBinding.Web\ModelBinding.Web.csproj", "{CEE53951-6C48-48A8-9D66-3D890E487762}"
EndProject
Project("{2150E333-8FDC-42A3-9474-1A3956D46DE8}") = "Solution Items", "Solution Items", "{7DC68CF1-9A57-46BF-A1BF-ECB166DC2A83}"
	ProjectSection(SolutionItems) = preProject
		..\ReadMe.txt = ..\ReadMe.txt
	EndProjectSection
EndProject
Global
	GlobalSection(SolutionConfigurationPlatforms) = preSolution
		Debug|Any CPU = Debug|Any CPU
		Release|Any CPU = Release|Any CPU
	EndGlobalSection
	GlobalSection(ProjectConfigurationPlatforms) = postSolution
		{CEE53951-6C48-48A8-9D66-3D890E487762}.Debug|Any CPU.ActiveCfg = Debug|Any CPU
		{CEE53951-6C48-48A8-9D66-3D890E487762}.Debug|Any CPU.Build.0 = Debug|Any CPU
		{CEE53951-6C48-48A8-9D66-3D890E487762}.Release|Any CPU.ActiveCfg = Release|Any CPU
		{CEE53951-6C48-48A8-9D66-3D890E487762}.Release|Any CPU.Build.0 = Release|Any CPU
	EndGlobalSection
	GlobalSection(SolutionProperties) = preSolution
		HideSolutionNode = FALSE
	EndGlobalSection
EndGlobal
