
Microsoft Visual Studio Solution File, Format Version 12.00
# Visual Studio 2013
VisualStudioVersion = 12.0.31101.0
MinimumVisualStudioVersion = 10.0.40219.1
Project("{2150E333-8FDC-42A3-9474-1A3956D46DE8}") = "Solution Items", "Solution Items", "{EA33EA11-505A-4F5C-91E3-7CE45A36858D}"
	ProjectSection(SolutionItems) = preProject
		..\Basic Auth ReadMe.txt = ..\Basic Auth ReadMe.txt
	EndProjectSection
EndProject
Project("{FAE04EC0-301F-11D3-BF4B-00C04F79EFBC}") = "KatanaBasicAuth", "KatanaBasicAuth\KatanaBasicAuth.csproj", "{2039EEDC-CF2C-47AB-918F-20FF211AD6C8}"
EndProject
Project("{FAE04EC0-301F-11D3-BF4B-00C04F79EFBC}") = "KatanaBasicAuth.Client", "KatanaBasicAuth.Client\KatanaBasicAuth.Client.csproj", "{6BAECC3E-B457-4E49-B11C-241F0F867930}"
EndProject
Global
	GlobalSection(SolutionConfigurationPlatforms) = preSolution
		Debug|Any CPU = Debug|Any CPU
		Release|Any CPU = Release|Any CPU
	EndGlobalSection
	GlobalSection(ProjectConfigurationPlatforms) = postSolution
		{2039EEDC-CF2C-47AB-918F-20FF211AD6C8}.Debug|Any CPU.ActiveCfg = Debug|Any CPU
		{2039EEDC-CF2C-47AB-918F-20FF211AD6C8}.Debug|Any CPU.Build.0 = Debug|Any CPU
		{2039EEDC-CF2C-47AB-918F-20FF211AD6C8}.Release|Any CPU.ActiveCfg = Release|Any CPU
		{2039EEDC-CF2C-47AB-918F-20FF211AD6C8}.Release|Any CPU.Build.0 = Release|Any CPU
		{6BAECC3E-B457-4E49-B11C-241F0F867930}.Debug|Any CPU.ActiveCfg = Debug|Any CPU
		{6BAECC3E-B457-4E49-B11C-241F0F867930}.Debug|Any CPU.Build.0 = Debug|Any CPU
		{6BAECC3E-B457-4E49-B11C-241F0F867930}.Release|Any CPU.ActiveCfg = Release|Any CPU
		{6BAECC3E-B457-4E49-B11C-241F0F867930}.Release|Any CPU.Build.0 = Release|Any CPU
	EndGlobalSection
	GlobalSection(SolutionProperties) = preSolution
		HideSolutionNode = FALSE
	EndGlobalSection
EndGlobal
